
Microsoft Visual Studio Solution File, Format Version 12.00
# Visual Studio Version 16
VisualStudioVersion = 16.0.29306.81
MinimumVisualStudioVersion = 10.0.40219.1
Project("{FAE04EC0-301F-11D3-BF4B-00C04F79EFBC}") = "SeleniumExcelEmail", "SeleniumExcelEmail\SeleniumExcelEmail.csproj", "{AAE64CEF-B857-4FCE-9973-3FB5C0D315A2}"
EndProject
Global
	GlobalSection(SolutionConfigurationPlatforms) = preSolution
		Debug|Any CPU = Debug|Any CPU
		Release|Any CPU = Release|Any CPU
	EndGlobalSection
	GlobalSection(ProjectConfigurationPlatforms) = postSolution
		{AAE64CEF-B857-4FCE-9973-3FB5C0D315A2}.Debug|Any CPU.ActiveCfg = Debug|Any CPU
		{AAE64CEF-B857-4FCE-9973-3FB5C0D315A2}.Debug|Any CPU.Build.0 = Debug|Any CPU
		{AAE64CEF-B857-4FCE-9973-3FB5C0D315A2}.Release|Any CPU.ActiveCfg = Release|Any CPU
		{AAE64CEF-B857-4FCE-9973-3FB5C0D315A2}.Release|Any CPU.Build.0 = Release|Any CPU
	EndGlobalSection
	GlobalSection(SolutionProperties) = preSolution
		HideSolutionNode = FALSE
	EndGlobalSection
	GlobalSection(ExtensibilityGlobals) = postSolution
		SolutionGuid = {7314161A-137D-42E6-A8B4-EE3B56365EB8}
	EndGlobalSection
EndGlobal
